lockfileVersion: '9.0'

settings:
  autoInstallPeers: true
  excludeLinksFromLockfile: false

importers:

  .:
    dependencies:
      '@k03mad/ip2geo':
        specifier: 20.1.0
        version: 20.1.0
      '@k03mad/request':
        specifier: 15.5.0
        version: 15.5.0
      chalk:
        specifier: 5.6.2
        version: 5.6.2
      country-locale-map:
        specifier: 1.9.13
        version: 1.9.13
      nanoid:
        specifier: 5.1.16
        version: 5.1.16
      nanoid-dictionary:
        specifier: 5.0.0
        version: 5.0.0
      ora:
        specifier: 9.4.1
        version: 9.4.1
    devDependencies:
      '@k03mad/oxlint-config':
        specifier: 0.11.0
        version: 0.11.0
      husky:
        specifier: 9.1.7
        version: 9.1.7
      oxfmt:
        specifier: 0.57.0
        version: 0.57.0
      oxlint:
        specifier: 1.72.0
        version: 1.72.0

packages:

  '@esbuild/aix-ppc64@0.28.1':
    resolution: {integrity: sha512-Svl7tq8k/08+p6CXPpRjQ1fKX+1odH/BQbb48fV6fj3CWHhsoIOoY87w1oHXm0qEpkIK3ZfVgp0hed3XBXzXMQ==}
    engines: {node: '>=18'}
    cpu: [ppc64]
    os: [aix]

  '@esbuild/android-arm64@0.28.1':
    resolution: {integrity: sha512-34EGEbCIAgosYz6goLcopX6Mo7NyGv9tfwEM2/7Ce2VcVRk568iSvniGWcUXIy7wEDR1wzolcxcriFVrWYcwBg==}
    engines: {node: '>=18'}
    cpu: [arm64]
    os: [android]

  '@esbuild/android-arm@0.28.1':
    resolution: {integrity: sha512-0k2F129Xdio1TdJfzJ8sy1Q47vUD2NnwdhiAf7drUN1EBTfPf4hsFCtmMgu/6m8JSzsBrlmVjudMBQqOfG8usQ==}
    engines: {node: '>=18'}
    cpu: [arm]
    os: [android]

  '@esbuild/android-x64@0.28.1':
    resolution: {integrity: sha512-dbwY7ltSMDWsRatcRpCnES4F+im88OCUgGZjy52shC7GqHRE/cYlxNbB4Z4UpJswpcc4Qxd2oE/ufM0p61IKng==}
    engines: {node: '>=18'}
    cpu: [x64]
    os: [android]

  '@esbuild/darwin-arm64@0.28.1':
    resolution: {integrity: sha512-TZbWkQY7kvTAXbXUT7uVACR5cMHsDiSz9z7ZKAX/RTq/WJEk3QyRr0wZpNhBDX+/0CtdqUIJlOiodQcta6tY3Q==}
    engines: {node: '>=18'}
    cpu: [arm64]
    os: [darwin]

  '@esbuild/darwin-x64@0.28.1':
    resolution: {integrity: sha512-zfdzgK9ACBNZLI/CyHTOx81SyNbM6YXn7rxSgX97VjyiPl9W1i4Ka4fgKECEoFCKGpvBj5qArWIGgQjOwkgskQ==}
    engines: {node: '>=18'}
    cpu: [x64]
    os: [darwin]

  '@esbuild/freebsd-arm64@0.28.1':
    resolution: {integrity: sha512-wG2EA8ENdEI0qhkSZMjfqrdY+ziCYCPMmtZjjIwOmXFjmyzEHn+UUxk5of+SYsjtfs3VpnlC7QLzSI5hY/rOAw==}
    engines: {node: '>=18'}
    cpu: [arm64]
    os: [freebsd]

  '@esbuild/freebsd-x64@0.28.1':
    resolution: {integrity: sha512-i7dZ9vQgnvSCzi/rYCXNgtF/U+eKZNJBzu3eTQbRgHnM7tNSizLOkRFAl3qzVc/Op/u5YkHHa4pf/3DOYHthLQ==}
    engines: {node: '>=18'}
    cpu: [x64]
    os: [freebsd]

  '@esbuild/linux-arm64@0.28.1':
    resolution: {integrity: sha512-yHs+0uc8+nvEAfAfxrWQKK5peSNzBc4PegcMO0EJ2hT71uA7vB8Ihg2e77R2P7SG5uYjPbHlLLmve4LLLRCf0g==}
    engines: {node: '>=18'}
    cpu: [arm64]
    os: [linux]

  '@esbuild/linux-arm@0.28.1':
    resolution: {integrity: sha512-qVXBOHQS+d5Y722GwJzJUtOLlX7km3CraOaGormF1pDtPd2C/l1SHRPgjLunLGe51Sh5YYWKMFDyV4SxgMQYTQ==}
    engines: {node: '>=18'}
    cpu: [arm]
    os: [linux]

  '@esbuild/linux-ia32@0.28.1':
    resolution: {integrity: sha512-d1z4ZuP0ajrfz/FhGT4vv278rX8KnPPJx8i5+AtK7TYbx9Le9F1hyzurZpkEyjkGa9dUGhQow4C1NmeGvqxN2w==}
    engines: {node: '>=18'}
    cpu: [ia32]
    os: [linux]

  '@esbuild/linux-loong64@0.28.1':
    resolution: {integrity: sha512-M5sRjUVZrkm1OAPR3dlOYzNmN+loZKGVi1VUQGrwuqLcbR6qeAz+famMhjASeH3YVKvZz+zT1jlh/keC3Rj/lg==}
    engines: {node: '>=18'}
    cpu: [loong64]
    os: [linux]

  '@esbuild/linux-mips64el@0.28.1':
    resolution: {integrity: sha512-mRObBZeHh2OxcBFPWE/FjylkRgZdYuiTR3vaTozquCGOH14iP9oN4x4Ge81CoIDYQrXmIxpFumJBu5MtZpnQJQ==}
    engines: {node: '>=18'}
    cpu: [mips64el]
    os: [linux]

  '@esbuild/linux-ppc64@0.28.1':
    resolution: {integrity: sha512-slScBsMAb3GFDcdrCgLwZtPYRoH2H/youv10QiZyRjmsP48fznoveWytSgCI/R0ZcUgpc0ZhIUEx6LHts8yrfQ==}
    engines: {node: '>=18'}
    cpu: [ppc64]
    os: [linux]

  '@esbuild/linux-riscv64@0.28.1':
    resolution: {integrity: sha512-kw0owk1o0GFETUJyW0jc0G4Yzs0BHZn0JDZ8JRT088vjJYX777BAs1fDGxAC+q831qOs2DTC96mNsG2opdfyyQ==}
    engines: {node: '>=18'}
    cpu: [riscv64]
    os: [linux]

  '@esbuild/linux-s390x@0.28.1':
    resolution: {integrity: sha512-/lAIjX8aYFRByhh6L5rYtPEDRqa9de/4V/juOXcta5frjvzXO4/sqEtyytse0g3zZFuWu5cDN0MkLz2qRDD2Ag==}
    engines: {node: '>=18'}
    cpu: [s390x]
    os: [linux]

  '@esbuild/linux-x64@0.28.1':
    resolution: {integrity: sha512-u/anNYF2mmVOEDwLtnQ1wOr3EZ9sTNGLWrsYGYwHWzGA3Si84IOkHXlbWTD1NB+9/1lcnweYKO54uhxZydNzfA==}
    engines: {node: '>=18'}
    cpu: [x64]
    os: [linux]

  '@esbuild/netbsd-arm64@0.28.1':
    resolution: {integrity: sha512-oks0DYbLwWMmaakTsCb+zL4E+aHRVLom9IJZOAthMQEPiQmydXHkziYEsGYRx0uNV/IjEKGAV941JzH02pflqw==}
    engines: {node: '>=18'}
    cpu: [arm64]
    os: [netbsd]

  '@esbuild/netbsd-x64@0.28.1':
    resolution: {integrity: sha512-aeL6lAnN89Hz43Mlh1G8ARasbuoYvSITDEx0tHh5b7jJnHcssqgjy9Yx430GDpmCa6OyrKoS0aNRjKundRizGg==}
    engines: {node: '>=18'}
    cpu: [x64]
    os: [netbsd]

  '@esbuild/openbsd-arm64@0.28.1':
    resolution: {integrity: sha512-MEFJe5C3R8pwXdZ5Y21oo6m7ePiS0d9pWucn99O/wvyJZChoIQKrQDxKrGeW8F5+T0okTHesAmDeiHDTIq0V/Q==}
    engines: {node: '>=18'}
    cpu: [arm64]
    os: [openbsd]

  '@esbuild/openbsd-x64@0.28.1':
    resolution: {integrity: sha512-i/ZLIOafE0Z8cI/XANJAixoJL/uRAoS2xOA3rb0xN+KK0K177cMAsQYkzHtBrtMXAKuAc7HGgcWiZ/sRC1Nxgw==}
    engines: {node: '>=18'}
    cpu: [x64]
    os: [openbsd]

  '@esbuild/openharmony-arm64@0.28.1':
    resolution: {integrity: sha512-ge+Z7EXFNt2BO1oAMsVpiQ8EwndV9i1xXerAeTIK7AtPs3bKFXQM7nlRxDSIUIMeueR1CNXxqztLzdNeReKBJg==}
    engines: {node: '>=18'}
    cpu: [arm64]
    os: [openharmony]

  '@esbuild/sunos-x64@0.28.1':
    resolution: {integrity: sha512-BEjgtECkL3vY+SaSQ6nzVfiALUeFxpawyp8Jmf5PtYhf1Ug40N1h/hxlhts+f1FvSvarEigdxS3BlSMI2PJLcQ==}
    engines: {node: '>=18'}
    cpu: [x64]
    os: [sunos]

  '@esbuild/win32-arm64@0.28.1':
    resolution: {integrity: sha512-lCv9eK/H6ZJWbE7bh2nw54CZ9M2nupBxJcTsdk/QQnWkdSjKGuxmmH8/GWrlT1eMmZfn4dGcCjRte397WqfQXA==}
    engines: {node: '>=18'}
    cpu: [arm64]
    os: [win32]

  '@esbuild/win32-ia32@0.28.1':
    resolution: {integrity: sha512-zvb/mB2bSCoJOpoCBgYKKpX6YM6mJBlBUVUtVj41DlZJVEB6/0CKlRYxP5wWl1C1ILiCoAU5wZZ4q1P3qeS6Eg==}
    engines: {node: '>=18'}
    cpu: [ia32]
    os: [win32]

  '@esbuild/win32-x64@0.28.1':
    resolution: {integrity: sha512-bm4Mowrv+GXMlpWX++EcXw/iLyd1o3+bJkC2DkWXYVvgZCqD/bSj9ctZeAMC3cIxgjRVR2Dufaiu4YPxr5gW1A==}
    engines: {node: '>=18'}
    cpu: [x64]
    os: [win32]

  '@k03mad/ip2geo@20.1.0':
    resolution: {integrity: sha512-4ywBOg9cdqVR/pAuCbY0Bn4SEAjJZArF1+ZGhEaMkJDWVpS5Ecrp/tQ9HdGw0bjNTqBIKsOFfy5ZRcARahwuaw==}
    engines: {node: '>=24'}
    hasBin: true

  '@k03mad/oxlint-config@0.11.0':
    resolution: {integrity: sha512-UMhn3E7hDXm8Hrgzn/PriwkVLuHYs248H3s2rSJS+v144bEHoblwua7CC8TRDR5yS69XTtxDayeQxOPgTdFYXw==}
    engines: {node: '>=24'}

  '@k03mad/request@15.5.0':
    resolution: {integrity: sha512-RMo9MSEmqZy6ynLHMj6A9Iaboe/NRzKslf8LERhisvssDUVHVG0f9GZMOWJnWsAR6MqfUgDlzEcwS8RBSquOtQ==}
    engines: {node: '>=24'}

  '@keyv/serialize@1.1.1':
    resolution: {integrity: sha512-dXn3FZhPv0US+7dtJsIi2R+c7qWYiReoEh5zUntWCf4oSpMNib8FDhSoed6m3QyZdx5hK7iLFkYk3rNxwt8vTA==}

  '@oxfmt/binding-android-arm-eabi@0.57.0':
    resolution: {integrity: sha512-qVBsEO+KugOsCmUHcO8iqNnqc65p7PCKpCs8M66mPZ+Ri+CWbcpoQOEJBg2OTu03+0qu++NK1jj6IzvQVs0Sig==}
    engines: {node: ^20.19.0 || >=22.12.0}
    cpu: [arm]
    os: [android]

  '@oxfmt/binding-android-arm64@0.57.0':
    resolution: {integrity: sha512-mp6PibWbao3aizijcheOeHQaYEhcUAt8pwLniYbtLfHxL/psFF0BykAwCj+s3c6qIpa8yN8keZICWrqtZ70w8g==}
    engines: {node: ^20.19.0 || >=22.12.0}
    cpu: [arm64]
    os: [android]

  '@oxfmt/binding-darwin-arm64@0.57.0':
    resolution: {integrity: sha512-T+0stuCBqmUVY+aMIvrgXhzGhHO3sD5tNiiEcYqgSdPsnukskQqn2u5qOVD0sv1l7RLdFS5Z/f5Wi9Ktyjr3Eg==}
    engines: {node: ^20.19.0 || >=22.12.0}
    cpu: [arm64]
    os: [darwin]

  '@oxfmt/binding-darwin-x64@0.57.0':
    resolution: {integrity: sha512-O+3JbqWs/mCI2oi4xfhRO2IVPFJNDDEBV8Odo+ZpmsUOeKJfjXoNH7nDmBEQcDgK7NfjDIyE7kRgYSZcTLDO0A==}
    engines: {node: ^20.19.0 || >=22.12.0}
    cpu: [x64]
    os: [darwin]

  '@oxfmt/binding-freebsd-x64@0.57.0':
    resolution: {integrity: sha512-pxwhxVC+JkLX9twOQ/8C/vbuOQcMZyKIDmiRDZfO7yITuVcIdZCiLRqqf4QOxb2+8FWrRXzQpm+1DBKcMpHSSQ==}
    engines: {node: ^20.19.0 || >=22.12.0}
    cpu: [x64]
    os: [freebsd]

  '@oxfmt/binding-linux-arm-gnueabihf@0.57.0':
    resolution: {integrity: sha512-pxBU4zH2imB/MDBfth2rOMeVxXUMjRQLCazagwLARIFH3hVlxZJBlM4nSnHXaIHJK4/qezoFCIORN6AY8Mra4A==}
    engines: {node: ^20.19.0 || >=22.12.0}
    cpu: [arm]
    os: [linux]

  '@oxfmt/binding-linux-arm-musleabihf@0.57.0':
    resolution: {integrity: sha512-JAprOzt8tycYou36ZgEw14DlRHTiN8qdtKANdV3VZIRIvTI/lh/cX13c9pJ/EnDk2GT3FASH7KvCgQ2AufAifQ==}
    engines: {node: ^20.19.0 || >=22.12.0}
    cpu: [arm]
    os: [linux]

  '@oxfmt/binding-linux-arm64-gnu@0.57.0':
    resolution: {integrity: sha512-ajtjaxSaj9xl4BW7REt+Cef/ttzbAq00Bq4z7JUDZEfgFXdwSjH8K9bF+IcIJzZB9lKqMfQ4eHuSFOvvlvtqOg==}
    engines: {node: ^20.19.0 || >=22.12.0}
    cpu: [arm64]
    os: [linux]
    libc: [glibc]

  '@oxfmt/binding-linux-arm64-musl@0.57.0':
    resolution: {integrity: sha512-p4Y/+RYk9Bk5WO+zHSUXAClRmZ2fbJCejMuCAsU2HhyME4jqf6Ftt/mJYEwIah1wGCBDYOB7wEGV1x5bCEZ6hA==}
    engines: {node: ^20.19.0 || >=22.12.0}
    cpu: [arm64]
    os: [linux]
    libc: [musl]

  '@oxfmt/binding-linux-ppc64-gnu@0.57.0':
    resolution: {integrity: sha512-By6tRALAZsno0F4zedmtG+wdMvJiJmJoXM4d3+A9zHE4HRXLqXITwRH8mgrlcXc5yJM2g2W3riRPwTYdgemZLQ==}
    engines: {node: ^20.19.0 || >=22.12.0}
    cpu: [ppc64]
    os: [linux]
    libc: [glibc]

  '@oxfmt/binding-linux-riscv64-gnu@0.57.0':
    resolution: {integrity: sha512-skYeG+RgvyzspqVEBsEprL90OYYZfoVNqB3HcCNR6QDJyXKOzfDRT3zncnHmUaFluIlBHuY23mU1b5WGgR98hA==}
    engines: {node: ^20.19.0 || >=22.12.0}
    cpu: [riscv64]
    os: [linux]
    libc: [glibc]

  '@oxfmt/binding-linux-riscv64-musl@0.57.0':
    resolution: {integrity: sha512-FFgACrZOXAXUh5KQh2mt1CDOVOZmn+QzHP71wM9QobNwyQvoFfyAeefVUltW83g3sm7LTiH3yfFqLLVUpA5ZFQ==}
    engines: {node: ^20.19.0 || >=22.12.0}
    cpu: [riscv64]
    os: [linux]
    libc: [musl]

  '@oxfmt/binding-linux-s390x-gnu@0.57.0':
    resolution: {integrity: sha512-Nm/BAOfQeFiiKd502mZn/GAVKJwtd0RdCg17G3Wz/WSOIQmDi3+7/SZH4BHn1Ye5KvTVH3ua8WvfwLLycNIuvA==}
    engines: {node: ^20.19.0 || >=22.12.0}
    cpu: [s390x]
    os: [linux]
    libc: [glibc]

  '@oxfmt/binding-linux-x64-gnu@0.57.0':
    resolution: {integrity: sha512-BiSy5Ku3mQqyxS6YIqAJgd403wEUWvI7kerfzPxc2l/txZVmZM0pSj7oDM+4bGBExowxOi7o73jEam1W0EDTZg==}
    engines: {node: ^20.19.0 || >=22.12.0}
    cpu: [x64]
    os: [linux]
    libc: [glibc]

  '@oxfmt/binding-linux-x64-musl@0.57.0':
    resolution: {integrity: sha512-BCRkJiotz5s9afLYD2LuMvzAoDYx9H17E/YbDyu4xK7l4zHDPeny9ErSXL//i/nJyaOwRk08x4b8cgJC00+JDg==}
    engines: {node: ^20.19.0 || >=22.12.0}
    cpu: [x64]
    os: [linux]
    libc: [musl]

  '@oxfmt/binding-openharmony-arm64@0.57.0':
    resolution: {integrity: sha512-4Oaxe1qrGgXfpCJ1C/ERJ2iCtV2rN1R79ga9fsfyVHfSQRu/hVW780u2KDqZWFZ/iGTHODJji0JemxqFZ63eIQ==}
    engines: {node: ^20.19.0 || >=22.12.0}
    cpu: [arm64]
    os: [openharmony]

  '@oxfmt/binding-win32-arm64-msvc@0.57.0':
    resolution: {integrity: sha512-MYLAsDnhdNsSGheLYhWgbk0vfIrlS84iQYun/y21fX6u0jj8iBtYtbpZMdiqYeuf8U12eVPUjVY2xE2NrCfJ0g==}
    engines: {node: ^20.19.0 || >=22.12.0}
    cpu: [arm64]
    os: [win32]

  '@oxfmt/binding-win32-ia32-msvc@0.57.0':
    resolution: {integrity: sha512-PBwdzZALJY/jcCx2E6is0yu+cuVXeySTDmwuseD+9j0mHqlRNxwlKgsyRTBed/woPeqfVfuXfWjoq4Cx2Zt3Eg==}
    engines: {node: ^20.19.0 || >=22.12.0}
    cpu: [ia32]
    os: [win32]

  '@oxfmt/binding-win32-x64-msvc@0.57.0':
    resolution: {integrity: sha512-bQJdH9i4RRfw55jm7+8/xS7GzHLLTbHx4huhrrDxQJaJtbSDbsyOnODvP1ftT7EG0KFKAYO2S+q6AcioXODx8w==}
    engines: {node: ^20.19.0 || >=22.12.0}
    cpu: [x64]
    os: [win32]

  '@oxlint/binding-android-arm-eabi@1.72.0':
    resolution: {integrity: sha512-zhCmvn+1Mj3UchAc/90i99S0t7jJUsHmFVSPg4UWrjO8b8eaSGwscgO6QAUtvHBstkjQwBttQNswEnAF1mIQdA==}
    engines: {node: ^20.19.0 || >=22.12.0}
    cpu: [arm]
    os: [android]

  '@oxlint/binding-android-arm64@1.72.0':
    resolution: {integrity: sha512-mtH+aY/ozv1eZoCUC2owjFAtyNBKHpJHygKeEu9zXXnQGW1Q2/qOpvx+I+Lf23+TvTz66F4iiXUbl2cGvoLPCQ==}
    engines: {node: ^20.19.0 || >=22.12.0}
    cpu: [arm64]
    os: [android]

  '@oxlint/binding-darwin-arm64@1.72.0':
    resolution: {integrity: sha512-EvnajNPDtfknB3ZieeOOyDTwJn9QXDiwfnF4ZDQqART6RG6hjY4WigQcZdGoK2dkB3e1vrmEzN9aYbQCUkh/gQ==}
    engines: {node: ^20.19.0 || >=22.12.0}
    cpu: [arm64]
    os: [darwin]

  '@oxlint/binding-darwin-x64@1.72.0':
    resolution: {integrity: sha512-ZkCdEa/G80A7vEHfeCDz/+L3m33DE73v32mDKhgOIgz8Uwf0DFcK7+uu6qC+7LEhmz5fpOe1osWKyjSNMydFIQ==}
    engines: {node: ^20.19.0 || >=22.12.0}
    cpu: [x64]
    os: [darwin]

  '@oxlint/binding-freebsd-x64@1.72.0':
    resolution: {integrity: sha512-NroXv2vh+sxVY1uya/rM5pjhx1hm8BzlYpx9q67QP0Xhw5MH2bf5GJylpvLEC+781p1Xli/317EoV9AlGwViag==}
    engines: {node: ^20.19.0 || >=22.12.0}
    cpu: [x64]
    os: [freebsd]

  '@oxlint/binding-linux-arm-gnueabihf@1.72.0':
    resolution: {integrity: sha512-0NDywYgfj279Ou/BcQuCYSj7NJwBfmWn5qc5uGO/Ny7fUWmXyIpvawqX/8acQlWG6IXelJsJhj+JAy6sjsKj0A==}
    engines: {node: ^20.19.0 || >=22.12.0}
    cpu: [arm]
    os: [linux]

  '@oxlint/binding-linux-arm-musleabihf@1.72.0':
    resolution: {integrity: sha512-4vpXB06h65Ezsy4hRyrGjGrfa1SkVPii09yaajiYhmVpgsFiLD+KNxIx/BNAY+XiO+i1yqp9HHdwqM8VTqa5XQ==}
    engines: {node: ^20.19.0 || >=22.12.0}
    cpu: [arm]
    os: [linux]

  '@oxlint/binding-linux-arm64-gnu@1.72.0':
    resolution: {integrity: sha512-immaN4g2ZGFiOkKrvRX9LvzZdd2GkQM5wR+UyzYyUuyhUTXGQ4HKUJH18xp4G8OfhCVaVAJfKZxwE1r8+4hhaQ==}
    engines: {node: ^20.19.0 || >=22.12.0}
    cpu: [arm64]
    os: [linux]
    libc: [glibc]

  '@oxlint/binding-linux-arm64-musl@1.72.0':
    resolution: {integrity: sha512-JGHS9Mnr7iWyyLDxgCv1MhzVpAckgptg00F2gnxt/GD7lQ2SW1BRcxHqhSTaSdDpjWRrBkBxMMh4+Hn3aVtExg==}
    engines: {node: ^20.19.0 || >=22.12.0}
    cpu: [arm64]
    os: [linux]
    libc: [musl]

  '@oxlint/binding-linux-ppc64-gnu@1.72.0':
    resolution: {integrity: sha512-AOYgBZqxNshrg83P9v0RYv+m8s10Cqkj4/PxXFDhcS3k7FqsIG5+CxErshZCIN7G8iy4Y+VGfAsuEdar8AcbBg==}
    engines: {node: ^20.19.0 || >=22.12.0}
    cpu: [ppc64]
    os: [linux]
    libc: [glibc]

  '@oxlint/binding-linux-riscv64-gnu@1.72.0':
    resolution: {integrity: sha512-QMybPS5ij3/vrKG67mqzHwW++91sYxK/PPUVi6SBtNCEzW4niS52fVBdXbQ6nou0wWbUPEpx8Sl/ZjtgE3clXA==}
    engines: {node: ^20.19.0 || >=22.12.0}
    cpu: [riscv64]
    os: [linux]
    libc: [glibc]

  '@oxlint/binding-linux-riscv64-musl@1.72.0':
    resolution: {integrity: sha512-gOc3W7JV0PXRpIL7stUlLe3Wa9Gp0Kdlup87IT3gHDvPKck2xNgMIl/Gs2lldYY2lyXZDC4rWi3hmoLUobkgbQ==}
    engines: {node: ^20.19.0 || >=22.12.0}
    cpu: [riscv64]
    os: [linux]
    libc: [musl]

  '@oxlint/binding-linux-s390x-gnu@1.72.0':
    resolution: {integrity: sha512-rpGxph+FjjHcYI5q6uxB3Az+tnfmEnDbSA8+PK9ZE/VzyUAkvBOMeuY7ZQMhu5mpZH7YQDsTdW6Cx4kV/msc6w==}
    engines: {node: ^20.19.0 || >=22.12.0}
    cpu: [s390x]
    os: [linux]
    libc: [glibc]

  '@oxlint/binding-linux-x64-gnu@1.72.0':
    resolution: {integrity: sha512-WND+uhf/Ko13SLqQMWQUgsZuLvYYEvL0ZKgg0tgGYfLqxG7l8Ju123fHDMJyYSDl5E3bUbpFUuii/OvMreFQzw==}
    engines: {node: ^20.19.0 || >=22.12.0}
    cpu: [x64]
    os: [linux]
    libc: [glibc]

  '@oxlint/binding-linux-x64-musl@1.72.0':
    resolution: {integrity: sha512-SrpbrUL70nG9vh6zP4/oKHWgLuHquwsr7MW9XOn0olBVgh10Uqr8qscKhQoBGEn6olK/IUpn5GSKcdQ5AjUhGA==}
    engines: {node: ^20.19.0 || >=22.12.0}
    cpu: [x64]
    os: [linux]
    libc: [musl]

  '@oxlint/binding-openharmony-arm64@1.72.0':
    resolution: {integrity: sha512-qkrsEn6NmgFKr7U/QnezQMb+q/vzAy0Dd9Y95gQGQTyjzDLN+HRZMuM5u70iyH4nBLCfKBzhjMsYCehKay2jyg==}
    engines: {node: ^20.19.0 || >=22.12.0}
    cpu: [arm64]
    os: [openharmony]

  '@oxlint/binding-win32-arm64-msvc@1.72.0':
    resolution: {integrity: sha512-LWR6ZlFZph+KPjXv8opgZsXRDCdrdQe8VL8Cg9zxCoBS73h6znzZpydVgmdnwj8mB9AuSM5jxEgDJDpQkjboeg==}
    engines: {node: ^20.19.0 || >=22.12.0}
    cpu: [arm64]
    os: [win32]

  '@oxlint/binding-win32-ia32-msvc@1.72.0':
    resolution: {integrity: sha512-yt6HEh7IsHvtjRWtmeZRX134eaXKHq5Gnqlf1xBJdJl1JtdoRUEJw3nAxpZoUDS860cX/foKbztO441anVBtVQ==}
    engines: {node: ^20.19.0 || >=22.12.0}
    cpu: [ia32]
    os: [win32]

  '@oxlint/binding-win32-x64-msvc@1.72.0':
    resolution: {integrity: sha512-b2eKFD2hX7tIwmo/cyH6TDq8vzWRZ2qNHrzoGntUTmq0h3zQh/uX3eTSHCwI8OB/ADQfJCRelLItK8BsxuucDA==}
    engines: {node: ^20.19.0 || >=22.12.0}
    cpu: [x64]
    os: [win32]

  '@sec-ant/readable-stream@0.4.1':
    resolution: {integrity: sha512-831qok9r2t8AlxLko40y2ebgSDhenenCatLVeW/uBtnHPyhHOvG0C7TvfgecV+wHzIm5KUICgzmVpWS+IMEAeg==}

  '@sindresorhus/is@8.1.0':
    resolution: {integrity: sha512-2SX/1jW6CIMAiebvVv5ZInoCEuWQmMyBoJXXGC6Vjakjp/fpxP5eHs7/V6WKuPEIbuK06+VpjH+vjLQhr98rDQ==}
    engines: {node: '>=22'}

  '@types/http-cache-semantics@4.2.0':
    resolution: {integrity: sha512-L3LgimLHXtGkWikKnsPg0/VFx9OGZaC+eN1u4r+OB1XRqH3meBIAVC2zr1WdMH+RHmnRkqliQAOHNJ/E0j/e0Q==}

  ansi-regex@6.2.2:
    resolution: {integrity: sha512-Bq3SmSpyFHaWjPk8If9yc6svM8c56dB5BAtW4Qbw5jHTwwXXcTLoRMkpDJp6VL0XzlWaCHTXrkFURMYmD0sLqg==}
    engines: {node: '>=12'}

  byte-counter@0.1.0:
    resolution: {integrity: sha512-jheRLVMeUKrDBjVw2O5+k4EvR4t9wtxHL+bo/LxfkxsVeuGMy3a5SEGgXdAFA4FSzTrU8rQXQIrsZ3oBq5a0pQ==}
    engines: {node: '>=20'}

  cacheable-lookup@7.0.0:
    resolution: {integrity: sha512-+qJyx4xiKra8mZrcwhjMRMUhD5NR1R8esPkzIYxX96JiecFoxAXFuz/GpR3+ev4PE1WamHip78wV0vcmPQtp8w==}
    engines: {node: '>=14.16'}

  cacheable-request@13.0.19:
    resolution: {integrity: sha512-SVXGH037+Mo1aIMO5B2UcleR43FGjFdN+M8JObSyEoQ2Mn4CODRWx28gN5jiTF0n5ItsgtIZfyargMNs8GX4kg==}
    engines: {node: '>=18'}

  chalk@5.6.2:
    resolution: {integrity: sha512-7NzBL0rN6fMUW+f7A6Io4h40qQlG+xGmtMxfbnH/K7TAtt8JQWVQK+6g0UXKMeVJoyV5EkkNsErQ8pVD3bLHbA==}
    engines: {node: ^12.17.0 || ^14.13 || >=16.0.0}

  chunk-data@0.1.0:
    resolution: {integrity: sha512-zFyPtyC0SZ6Zu79b9sOYtXZcgrsXe0RpePrzRyj52hYVFG1+Rk6rBqjjOEk+GNQwc3PIX+86teQMok970pod1g==}
    engines: {node: '>=20'}

  cli-cursor@5.0.0:
    resolution: {integrity: sha512-aCj4O5wKyszjMmDT4tZj93kxyydN/K5zPWSCe6/0AV/AA1pqe5ZBIw0a2ZfPQV7lL5/yb5HsUreJ6UFAF1tEQw==}
    engines: {node: '>=18'}

  cli-spinners@3.4.0:
    resolution: {integrity: sha512-bXfOC4QcT1tKXGorxL3wbJm6XJPDqEnij2gQ2m7ESQuE+/z9YFIWnl/5RpTiKWbMq3EVKR4fRLJGn6DVfu0mpw==}
    engines: {node: '>=18.20'}

  clone-regexp@3.0.0:
    resolution: {integrity: sha512-ujdnoq2Kxb8s3ItNBtnYeXdm07FcU0u8ARAT1lQ2YdMwQC+cdiXX8KoqMVuglztILivceTtp4ivqGSmEmhBUJw==}
    engines: {node: '>=12'}

  convert-hrtime@5.0.0:
    resolution: {integrity: sha512-lOETlkIeYSJWcbbcvjRKGxVMXJR+8+OQb/mTPbA4ObPMytYIsUbuOE0Jzy60hjARYszq1id0j8KgVhC+WGZVTg==}
    engines: {node: '>=12'}

  country-locale-map@1.9.13:
    resolution: {integrity: sha512-sDBE5HATbVeBwCbIMIoZrXN865va5CGPq6kf4k9uBTRHquG53TnBvMVT2X/AxVRoGFZLvCBZk5LaYY7JtaH7Xw==}

  debug@4.4.3:
    resolution: {integrity: sha512-RGwwWnwQvkVfavKVt22FGLw+xYSdzARwm0ru6DhTVA3umU5hZc28V3kO4stgYryrTlLpuvgI9GiijltAjNbcqA==}
    engines: {node: '>=6.0'}
    peerDependencies:
      supports-color: '*'
    peerDependenciesMeta:
      supports-color:
        optional: true

  decompress-response@10.0.0:
    resolution: {integrity: sha512-oj7KWToJuuxlPr7VV0vabvxEIiqNMo+q0NueIiL3XhtwC6FVOX7Hr1c0C4eD0bmf7Zr+S/dSf2xvkH3Ad6sU3Q==}
    engines: {node: '>=20'}

  esbuild@0.28.1:
    resolution: {integrity: sha512-HrJrvZv5ayxBzPfwphOoNzkzOIIlifzk0KJrGK2c8R4+LKpMtpYLQeUdjnwjWv/LZlkH2laZk+4w78pi99D4Vw==}
    engines: {node: '>=18'}
    hasBin: true

  eventemitter3@5.0.4:
    resolution: {integrity: sha512-mlsTRyGaPBjPedk6Bvw+aqbsXDtoAyAzm5MO7JgU+yVRyMQ5O8bD4Kcci7BS85f93veegeCPkL8R4GLClnjLFw==}

  fsevents@2.3.3:
    resolution: {integrity: sha512-5xoDfX+fL7faATnagmWPpbFtwh/R77WmMMqqHGS65C3vvB0YHrgF+B1YmZ3441tMj5n63k0212XNoJwzlhffQw==}
    engines: {node: ^8.16.0 || ^10.6.0 || >=11.0.0}
    os: [darwin]

  function-timeout@0.1.1:
    resolution: {integrity: sha512-0NVVC0TaP7dSTvn1yMiy6d6Q8gifzbvQafO46RtLG/kHJUBNd+pVRGOBoK44wNBvtSPUJRfdVvkFdD3p0xvyZg==}
    engines: {node: '>=14.16'}

  fuzzball@2.2.6:
    resolution: {integrity: sha512-RFYKY0GGDOmocz6rYmvOk9qOnV2UCsLHbVPl5zfZVvcdBlilDg/84WSgAvOCGDq+UEnpnqjZMHk6a/hamC5VuQ==}

  get-east-asian-width@1.6.0:
    resolution: {integrity: sha512-QRbvDIbx6YklUe6RxeTeleMR0yv3cYH6PsPZHcnVn7xv7zO1BHN8r0XETu8n6Ye3Q+ahtSarc3WgtNWmehIBfA==}
    engines: {node: '>=18'}

  get-stream@9.0.1:
    resolution: {integrity: sha512-kVCxPF3vQM/N0B1PmoqVUqgHP+EeVjmZSQn+1oCRPxd2P21P2F19lIgbR3HBosbB1PUhOAoctJnfEn2GbN2eZA==}
    engines: {node: '>=18'}

  got@15.1.0:
    resolution: {integrity: sha512-DG+DAAkRtno+oDr/GBsliAkhN9+zczOPM5qXk3efDZY3qvyRnZU+NwQlb/IOY6cSnxxTR9z3aHCcShJyjb0hJA==}
    engines: {node: '>=22'}

  heap@0.2.7:
    resolution: {integrity: sha512-2bsegYkkHO+h/9MGbn6KWcE45cHZgPANo5LXF7EvWdT0yT2EguSVO1nDgU5c8+ZOPwp2vMNa7YFsJhVcDR9Sdg==}

  http-cache-semantics@4.2.0:
    resolution: {integrity: sha512-dTxcvPXqPvXBQpq5dUr6mEMJX4oIEFv6bwom3FDwKRDsuIjjJGANqhBuoAn9c1RQJIdAKav33ED65E2ys+87QQ==}

  http2-wrapper@2.2.1:
    resolution: {integrity: sha512-V5nVw1PAOgfI3Lmeaj2Exmeg7fenjhRUgz1lPSezy1CuhPYbgQtbQj4jZfEAEMlaL+vupsvhjqCyjzob0yxsmQ==}
    engines: {node: '>=10.19.0'}

  husky@9.1.7:
    resolution: {integrity: sha512-5gs5ytaNjBrh5Ow3zrvdUUY+0VxIuWVL4i9irt6friV+BqdCfmV11CQTWMiBYWHbXhco+J1kHfTOUkePhCDvMA==}
    engines: {node: '>=18'}
    hasBin: true

  ip-regex@5.0.0:
    resolution: {integrity: sha512-fOCG6lhoKKakwv+C6KdsOnGvgXnmgfmp0myi3bcNwj3qfwPAxRKWEuFhvEFF7ceYIz6+1jRZ+yguLFAmUNPEfw==}
    engines: {node: ^12.20.0 || ^14.13.1 || >=16.0.0}

  is-interactive@2.0.0:
    resolution: {integrity: sha512-qP1vozQRI+BMOPcjFzrjXuQvdak2pHNUMZoeG2eRbiSqyvbEf/wQtEOTOX1guk6E3t36RkaqiSt8A/6YElNxLQ==}
    engines: {node: '>=12'}

  is-ip@5.0.1:
    resolution: {integrity: sha512-FCsGHdlrOnZQcp0+XT5a+pYowf33itBalCl+7ovNXC/7o5BhIpG14M3OrpPPdBSIQJCm+0M5+9mO7S9VVTTCFw==}
    engines: {node: '>=14.16'}

  is-regexp@3.1.0:
    resolution: {integrity: sha512-rbku49cWloU5bSMI+zaRaXdQHXnthP6DZ/vLnfdSKyL4zUzuWnomtOEiZZOd+ioQ+avFo/qau3KPTc7Fjy1uPA==}
    engines: {node: '>=12'}

  is-stream@4.0.1:
    resolution: {integrity: sha512-Dnz92NInDqYckGEUJv689RbRiTSEHCQ7wOVeALbkOz999YpqT46yMRIGtSNl2iCL1waAZSx40+h59NV/EwzV/A==}
    engines: {node: '>=18'}

  is-unicode-supported@2.1.0:
    resolution: {integrity: sha512-mE00Gnza5EEB3Ds0HfMyllZzbBrmLOX3vfWoj9A9PEnTfratQ/BcaJOuMhnkhjXvb2+FkY3VuHqtAGpTPmglFQ==}
    engines: {node: '>=18'}

  keyv@5.6.0:
    resolution: {integrity: sha512-CYDD3SOtsHtyXeEORYRx2qBtpDJFjRTGXUtmNEMGyzYOKj1TE3tycdlho7kA1Ufx9OYWZzg52QFBGALTirzDSw==}

  lodash@4.18.1:
    resolution: {integrity: sha512-dMInicTPVE8d1e5otfwmmjlxkZoUpiVLwyeTdUsi/Caj/gfzzblBcCE5sRHV/AsjuCmxWrte2TNGSYuCeCq+0Q==}

  log-symbols@7.0.1:
    resolution: {integrity: sha512-ja1E3yCr9i/0hmBVaM0bfwDjnGy8I/s6PP4DFp+yP+a+mrHO4Rm7DtmnqROTUkHIkqffC84YY7AeqX6oFk0WFg==}
    engines: {node: '>=18'}

  lowercase-keys@3.0.0:
    resolution: {integrity: sha512-ozCC6gdQ+glXOQsveKD0YsDy8DSQFjDTz4zyzEHNV5+JP5D62LmfDZ6o1cycFx9ouG940M5dE8C8CTewdj2YWQ==}
    engines: {node: ^12.20.0 || ^14.13.1 || >=16.0.0}

  lowercase-keys@4.0.1:
    resolution: {integrity: sha512-wI9Nui/L8VfADa/cr/7NQruaASk1k23/Uh1khQ02BCVYiiy8F4AhOGnQzJy3Fl/c44GnYSbZHv8g7EcG3kJ1Qg==}
    engines: {node: '>=20'}

  mimic-function@5.0.1:
    resolution: {integrity: sha512-VP79XUPxV2CigYP3jWwAUFSku2aKqBH7uTAapFWCBqutsbmDo96KY5o8uh6U+/YSIn5OxJnXp73beVkpqMIGhA==}
    engines: {node: '>=18'}

  mimic-response@4.0.0:
    resolution: {integrity: sha512-e5ISH9xMYU0DzrT+jl8q2ze9D6eWBto+I8CNpe+VI+K2J/F/k3PdkdTdz4wvGVH4NTpo+NRYTVIuMQEMMcsLqg==}
    engines: {node: ^12.20.0 || ^14.13.1 || >=16.0.0}

  ms@2.1.3:
    resolution: {integrity: sha512-6FlzubTLZG3J2a/NVCAleEhjzq5oxgHyaCU9yYXvcLsvoVaHJq/s5xXI6/XXP6tz7R9xAOtHnSO/tXtF3WRTlA==}

  nanoid-dictionary@5.0.0:
    resolution: {integrity: sha512-/iCyQHwt36XkaIvSE9fcC8p6DiMPCZMTSMj9UT56Cv6T7f5CuxvOMhpNncaNieQ4z4d32p7ruEtAfRsb7Ya8Gw==}

  nanoid@5.1.16:
    resolution: {integrity: sha512-kVrnsrJqMR8+oLJnGEmSWw9BivK5mt7H3FZatVRjrc5wGqFYuBxX1yG7+A7Gi5AefkX6t/oCkizcQgpu0cY1dQ==}
    engines: {node: ^18 || >=20}
    hasBin: true

  normalize-url@8.1.1:
    resolution: {integrity: sha512-JYc0DPlpGWB40kH5g07gGTrYuMqV653k3uBKY6uITPWds3M0ov3GaWGp9lbE3Bzngx8+XkfzgvASb9vk9JDFXQ==}
    engines: {node: '>=14.16'}

  onetime@7.0.0:
    resolution: {integrity: sha512-VXJjc87FScF88uafS3JllDgvAm+c/Slfz06lorj2uAY34rlUu0Nt+v8wreiImcrgAjjIHp1rXpTDlLOGw29WwQ==}
    engines: {node: '>=18'}

  ora@9.4.1:
    resolution: {integrity: sha512-6VlU9MLXbjVQD04AZCMX28hVtA5bUoadvUqO76MUCVA0ilwJbMiHsITRPfyVm6p/BC0Av/BXMujx39WCe1LEqw==}
    engines: {node: '>=20'}

  oxfmt@0.57.0:
    resolution: {integrity: sha512-ZB7Bi+rGDSqmVIo9jwcLyFgjxXvQhDdU+jx+ZrVy6VRiVXK2+CHc4hO3J4dUQjHe7V0ymHB+MDuv5z+NhK07HA==}
    engines: {node: ^20.19.0 || >=22.12.0}
    hasBin: true
    peerDependencies:
      svelte: ^5.0.0
      vite-plus: '*'
    peerDependenciesMeta:
      svelte:
        optional: true
      vite-plus:
        optional: true

  oxlint@1.72.0:
    resolution: {integrity: sha512-1rhdZIP/EvoI91ABIwNU5Q8+bWf8mjrS5UzIOZld4d4bXxJvtlUhlQvaoTogIGin/qdErMOrwaIJvCSIAKTLhA==}
    engines: {node: ^20.19.0 || >=22.12.0}
    hasBin: true
    peerDependencies:
      oxlint-tsgolint: '>=0.22.1'
      vite-plus: '*'
    peerDependenciesMeta:
      oxlint-tsgolint:
        optional: true
      vite-plus:
        optional: true

  p-queue@9.3.1:
    resolution: {integrity: sha512-POWdiIPmsUPGwb4FeQ4OBg46aqmcInSWe45CKDsGHiOBiVQM9chqfQTuqhuTzcg2Vz9faTI65at0KkVyVEiCHw==}
    engines: {node: '>=20'}

  p-timeout@7.0.1:
    resolution: {integrity: sha512-AxTM2wDGORHGEkPCt8yqxOTMgpfbEHqF51f/5fJCmwFC3C/zNcGT63SymH2ttOAaiIws2zVg4+izQCjrakcwHg==}
    engines: {node: '>=20'}

  pretty-bytes@7.1.0:
    resolution: {integrity: sha512-nODzvTiYVRGRqAOvE84Vk5JDPyyxsVk0/fbA/bq7RqlnhksGpset09XTxbpvLTIjoaF7K8Z8DG8yHtKGTPSYRw==}
    engines: {node: '>=20'}

  quick-lru@5.1.1:
    resolution: {integrity: sha512-WuyALRjWPDGtt/wzJiadO5AXY+8hZ80hVpe6MyivgraREW751X3SbhRvG3eLKOYN+8VEvqLcf3wdnt44Z4S4SA==}
    engines: {node: '>=10'}

  resolve-alpn@1.2.1:
    resolution: {integrity: sha512-0a1F4l73/ZFZOakJnQ3FvkJ2+gSTQWz/r2KE5OdDY0TxPm5h4GkqkWWfM47T7HsbnOtcJVEF4epCVy6u7Q3K+g==}

  responselike@4.0.2:
    resolution: {integrity: sha512-cGk8IbWEAnaCpdAt1BHzJ3Ahz5ewDJa0KseTsE3qIRMJ3C698W8psM7byCeWVpd/Ha7FUYzuRVzXoKoM6nRUbA==}
    engines: {node: '>=20'}

  restore-cursor@5.1.0:
    resolution: {integrity: sha512-oMA2dcrw6u0YfxJQXm342bFKX/E4sG9rbTzO9ptUcR/e8A33cHuvStiYOwH7fszkZlZ1z/ta9AAoPk2F4qIOHA==}
    engines: {node: '>=18'}

  setimmediate@1.0.5:
    resolution: {integrity: sha512-MATJdZp8sLqDl/68LfQmbP8zKPLQNV6BIZoIgrscFDQ+RsvK/BxeDQOgyxKKoh0y/8h3BqVFnCqQ/gd+reiIXA==}

  signal-exit@4.1.0:
    resolution: {integrity: sha512-bzyZ1e88w9O1iNJbKnOlvYTrWPDl46O1bG0D3XInv+9tkPrxrN8jUUTiFlDkkmKWgn1M6CfIA13SuGqOa9Korw==}
    engines: {node: '>=14'}

  stdin-discarder@0.3.2:
    resolution: {integrity: sha512-eCPu1qRxPVkl5605OTWF8Wz40b4Mf45NY5LQmVPQ599knfs5QhASUm9GbJ5BDMDOXgrnh0wyEdvzmL//YMlw0A==}
    engines: {node: '>=18'}

  string-width@8.2.1:
    resolution: {integrity: sha512-IIaP0g3iy9Cyy18w3M9YcaDudujEAVHKt3a3QJg1+sr/oX96TbaGUubG0hJyCjCBThFH+tFpcIyoUHUn1ogaLA==}
    engines: {node: '>=20'}

  strip-ansi@7.2.0:
    resolution: {integrity: sha512-yDPMNjp4WyfYBkHnjIRLfca1i6KMyGCtsVgoKe/z1+6vukgaENdgGBZt+ZmKPc4gavvEZ5OgHfHdrazhgNyG7w==}
    engines: {node: '>=12'}

  super-regex@0.2.0:
    resolution: {integrity: sha512-WZzIx3rC1CvbMDloLsVw0lkZVKJWbrkJ0k1ghKFmcnPrW1+jWbgTkTEWVtD9lMdmI4jZEz40+naBxl1dCUhXXw==}
    engines: {node: '>=14.16'}

  tagged-tag@1.0.0:
    resolution: {integrity: sha512-yEFYrVhod+hdNyx7g5Bnkkb0G6si8HJurOoOEgC8B/O0uXLHlaey/65KRv6cuWBNhBgHKAROVpc7QyYqE5gFng==}
    engines: {node: '>=20'}

  time-span@5.1.0:
    resolution: {integrity: sha512-75voc/9G4rDIJleOo4jPvN4/YC4GRZrY8yy1uU4lwrB3XEQbWve8zXoO5No4eFrGcTAMYyoY67p8jRQdtA1HbA==}
    engines: {node: '>=12'}

  tinypool@2.1.0:
    resolution: {integrity: sha512-Pugqs6M0m7Lv1I7FtxN4aoyToKg1C4tu+/381vH35y8oENM/Ai7f7C4StcoK4/+BSw9ebcS8jRiVrORFKCALLw==}
    engines: {node: ^20.0.0 || >=22.0.0}

  tsx@4.23.0:
    resolution: {integrity: sha512-eUdUIaCr963q2h5u3+QwvYp0+eqPvn+egeqZUm0hwERCqqx1E3kK5ehbGCvqSE5MQAULr67ww0cA3jKc3YkM1w==}
    engines: {node: '>=18.0.0'}
    hasBin: true

  type-fest@5.7.0:
    resolution: {integrity: sha512-1URUxUqfHFM1c+zfSPsa3gnkO7Aq21qyH75SIduNYz4SzY964rn1X2vCMQaHSHhktiw+0kPa2iyb6PUpXqB6Vg==}
    engines: {node: '>=20'}

  uint8array-extras@1.5.0:
    resolution: {integrity: sha512-rvKSBiC5zqCCiDZ9kAOszZcDvdAHwwIKJG33Ykj43OKcWsnmcBRL09YTU4nOeHZ8Y2a7l1MgTd08SBe9A8Qj6A==}
    engines: {node: '>=18'}

  yoctocolors@2.1.2:
    resolution: {integrity: sha512-CzhO+pFNo8ajLM2d2IW/R93ipy99LWjtwblvC1RsoSUMZgyLbYFr221TnSNT7GjGdYui6P459mw9JH/g/zW2ug==}
    engines: {node: '>=18'}

snapshots:

  '@esbuild/aix-ppc64@0.28.1':
    optional: true

  '@esbuild/android-arm64@0.28.1':
    optional: true

  '@esbuild/android-arm@0.28.1':
    optional: true

  '@esbuild/android-x64@0.28.1':
    optional: true

  '@esbuild/darwin-arm64@0.28.1':
    optional: true

  '@esbuild/darwin-x64@0.28.1':
    optional: true

  '@esbuild/freebsd-arm64@0.28.1':
    optional: true

  '@esbuild/freebsd-x64@0.28.1':
    optional: true

  '@esbuild/linux-arm64@0.28.1':
    optional: true

  '@esbuild/linux-arm@0.28.1':
    optional: true

  '@esbuild/linux-ia32@0.28.1':
    optional: true

  '@esbuild/linux-loong64@0.28.1':
    optional: true

  '@esbuild/linux-mips64el@0.28.1':
    optional: true

  '@esbuild/linux-ppc64@0.28.1':
    optional: true

  '@esbuild/linux-riscv64@0.28.1':
    optional: true

  '@esbuild/linux-s390x@0.28.1':
    optional: true

  '@esbuild/linux-x64@0.28.1':
    optional: true

  '@esbuild/netbsd-arm64@0.28.1':
    optional: true

  '@esbuild/netbsd-x64@0.28.1':
    optional: true

  '@esbuild/openbsd-arm64@0.28.1':
    optional: true

  '@esbuild/openbsd-x64@0.28.1':
    optional: true

  '@esbuild/openharmony-arm64@0.28.1':
    optional: true

  '@esbuild/sunos-x64@0.28.1':
    optional: true

  '@esbuild/win32-arm64@0.28.1':
    optional: true

  '@esbuild/win32-ia32@0.28.1':
    optional: true

  '@esbuild/win32-x64@0.28.1':
    optional: true

  '@k03mad/ip2geo@20.1.0':
    dependencies:
      chalk: 5.6.2
      debug: 4.4.3
      is-ip: 5.0.1
      tsx: 4.23.0
    transitivePeerDependencies:
      - supports-color

  '@k03mad/oxlint-config@0.11.0': {}

  '@k03mad/request@15.5.0':
    dependencies:
      chalk: 5.6.2
      debug: 4.4.3
      got: 15.1.0
      p-queue: 9.3.1
      pretty-bytes: 7.1.0
      strip-ansi: 7.2.0
    transitivePeerDependencies:
      - supports-color

  '@keyv/serialize@1.1.1': {}

  '@oxfmt/binding-android-arm-eabi@0.57.0':
    optional: true

  '@oxfmt/binding-android-arm64@0.57.0':
    optional: true

  '@oxfmt/binding-darwin-arm64@0.57.0':
    optional: true

  '@oxfmt/binding-darwin-x64@0.57.0':
    optional: true

  '@oxfmt/binding-freebsd-x64@0.57.0':
    optional: true

  '@oxfmt/binding-linux-arm-gnueabihf@0.57.0':
    optional: true

  '@oxfmt/binding-linux-arm-musleabihf@0.57.0':
    optional: true

  '@oxfmt/binding-linux-arm64-gnu@0.57.0':
    optional: true

  '@oxfmt/binding-linux-arm64-musl@0.57.0':
    optional: true

  '@oxfmt/binding-linux-ppc64-gnu@0.57.0':
    optional: true

  '@oxfmt/binding-linux-riscv64-gnu@0.57.0':
    optional: true

  '@oxfmt/binding-linux-riscv64-musl@0.57.0':
    optional: true

  '@oxfmt/binding-linux-s390x-gnu@0.57.0':
    optional: true

  '@oxfmt/binding-linux-x64-gnu@0.57.0':
    optional: true

  '@oxfmt/binding-linux-x64-musl@0.57.0':
    optional: true

  '@oxfmt/binding-openharmony-arm64@0.57.0':
    optional: true

  '@oxfmt/binding-win32-arm64-msvc@0.57.0':
    optional: true

  '@oxfmt/binding-win32-ia32-msvc@0.57.0':
    optional: true

  '@oxfmt/binding-win32-x64-msvc@0.57.0':
    optional: true

  '@oxlint/binding-android-arm-eabi@1.72.0':
    optional: true

  '@oxlint/binding-android-arm64@1.72.0':
    optional: true

  '@oxlint/binding-darwin-arm64@1.72.0':
    optional: true

  '@oxlint/binding-darwin-x64@1.72.0':
    optional: true

  '@oxlint/binding-freebsd-x64@1.72.0':
    optional: true

  '@oxlint/binding-linux-arm-gnueabihf@1.72.0':
    optional: true

  '@oxlint/binding-linux-arm-musleabihf@1.72.0':
    optional: true

  '@oxlint/binding-linux-arm64-gnu@1.72.0':
    optional: true

  '@oxlint/binding-linux-arm64-musl@1.72.0':
    optional: true

  '@oxlint/binding-linux-ppc64-gnu@1.72.0':
    optional: true

  '@oxlint/binding-linux-riscv64-gnu@1.72.0':
    optional: true

  '@oxlint/binding-linux-riscv64-musl@1.72.0':
    optional: true

  '@oxlint/binding-linux-s390x-gnu@1.72.0':
    optional: true

  '@oxlint/binding-linux-x64-gnu@1.72.0':
    optional: true

  '@oxlint/binding-linux-x64-musl@1.72.0':
    optional: true

  '@oxlint/binding-openharmony-arm64@1.72.0':
    optional: true

  '@oxlint/binding-win32-arm64-msvc@1.72.0':
    optional: true

  '@oxlint/binding-win32-ia32-msvc@1.72.0':
    optional: true

  '@oxlint/binding-win32-x64-msvc@1.72.0':
    optional: true

  '@sec-ant/readable-stream@0.4.1': {}

  '@sindresorhus/is@8.1.0': {}

  '@types/http-cache-semantics@4.2.0': {}

  ansi-regex@6.2.2: {}

  byte-counter@0.1.0: {}

  cacheable-lookup@7.0.0: {}

  cacheable-request@13.0.19:
    dependencies:
      '@types/http-cache-semantics': 4.2.0
      get-stream: 9.0.1
      http-cache-semantics: 4.2.0
      keyv: 5.6.0
      mimic-response: 4.0.0
      normalize-url: 8.1.1
      responselike: 4.0.2

  chalk@5.6.2: {}

  chunk-data@0.1.0: {}

  cli-cursor@5.0.0:
    dependencies:
      restore-cursor: 5.1.0

  cli-spinners@3.4.0: {}

  clone-regexp@3.0.0:
    dependencies:
      is-regexp: 3.1.0

  convert-hrtime@5.0.0: {}

  country-locale-map@1.9.13:
    dependencies:
      fuzzball: 2.2.6

  debug@4.4.3:
    dependencies:
      ms: 2.1.3

  decompress-response@10.0.0:
    dependencies:
      mimic-response: 4.0.0

  esbuild@0.28.1:
    optionalDependencies:
      '@esbuild/aix-ppc64': 0.28.1
      '@esbuild/android-arm': 0.28.1
      '@esbuild/android-arm64': 0.28.1
      '@esbuild/android-x64': 0.28.1
      '@esbuild/darwin-arm64': 0.28.1
      '@esbuild/darwin-x64': 0.28.1
      '@esbuild/freebsd-arm64': 0.28.1
      '@esbuild/freebsd-x64': 0.28.1
      '@esbuild/linux-arm': 0.28.1
      '@esbuild/linux-arm64': 0.28.1
      '@esbuild/linux-ia32': 0.28.1
      '@esbuild/linux-loong64': 0.28.1
      '@esbuild/linux-mips64el': 0.28.1
      '@esbuild/linux-ppc64': 0.28.1
      '@esbuild/linux-riscv64': 0.28.1
      '@esbuild/linux-s390x': 0.28.1
      '@esbuild/linux-x64': 0.28.1
      '@esbuild/netbsd-arm64': 0.28.1
      '@esbuild/netbsd-x64': 0.28.1
      '@esbuild/openbsd-arm64': 0.28.1
      '@esbuild/openbsd-x64': 0.28.1
      '@esbuild/openharmony-arm64': 0.28.1
      '@esbuild/sunos-x64': 0.28.1
      '@esbuild/win32-arm64': 0.28.1
      '@esbuild/win32-ia32': 0.28.1
      '@esbuild/win32-x64': 0.28.1

  eventemitter3@5.0.4: {}

  fsevents@2.3.3:
    optional: true

  function-timeout@0.1.1: {}

  fuzzball@2.2.6:
    dependencies:
      heap: 0.2.7
      lodash: 4.18.1
      setimmediate: 1.0.5

  get-east-asian-width@1.6.0: {}

  get-stream@9.0.1:
    dependencies:
      '@sec-ant/readable-stream': 0.4.1
      is-stream: 4.0.1

  got@15.1.0:
    dependencies:
      '@sindresorhus/is': 8.1.0
      byte-counter: 0.1.0
      cacheable-lookup: 7.0.0
      cacheable-request: 13.0.19
      chunk-data: 0.1.0
      decompress-response: 10.0.0
      http2-wrapper: 2.2.1
      keyv: 5.6.0
      lowercase-keys: 4.0.1
      responselike: 4.0.2
      type-fest: 5.7.0
      uint8array-extras: 1.5.0

  heap@0.2.7: {}

  http-cache-semantics@4.2.0: {}

  http2-wrapper@2.2.1:
    dependencies:
      quick-lru: 5.1.1
      resolve-alpn: 1.2.1

  husky@9.1.7: {}

  ip-regex@5.0.0: {}

  is-interactive@2.0.0: {}

  is-ip@5.0.1:
    dependencies:
      ip-regex: 5.0.0
      super-regex: 0.2.0

  is-regexp@3.1.0: {}

  is-stream@4.0.1: {}

  is-unicode-supported@2.1.0: {}

  keyv@5.6.0:
    dependencies:
      '@keyv/serialize': 1.1.1

  lodash@4.18.1: {}

  log-symbols@7.0.1:
    dependencies:
      is-unicode-supported: 2.1.0
      yoctocolors: 2.1.2

  lowercase-keys@3.0.0: {}

  lowercase-keys@4.0.1: {}

  mimic-function@5.0.1: {}

  mimic-response@4.0.0: {}

  ms@2.1.3: {}

  nanoid-dictionary@5.0.0: {}

  nanoid@5.1.16: {}

  normalize-url@8.1.1: {}

  onetime@7.0.0:
    dependencies:
      mimic-function: 5.0.1

  ora@9.4.1:
    dependencies:
      chalk: 5.6.2
      cli-cursor: 5.0.0
      cli-spinners: 3.4.0
      is-interactive: 2.0.0
      is-unicode-supported: 2.1.0
      log-symbols: 7.0.1
      stdin-discarder: 0.3.2
      string-width: 8.2.1

  oxfmt@0.57.0:
    dependencies:
      tinypool: 2.1.0
    optionalDependencies:
      '@oxfmt/binding-android-arm-eabi': 0.57.0
      '@oxfmt/binding-android-arm64': 0.57.0
      '@oxfmt/binding-darwin-arm64': 0.57.0
      '@oxfmt/binding-darwin-x64': 0.57.0
      '@oxfmt/binding-freebsd-x64': 0.57.0
      '@oxfmt/binding-linux-arm-gnueabihf': 0.57.0
      '@oxfmt/binding-linux-arm-musleabihf': 0.57.0
      '@oxfmt/binding-linux-arm64-gnu': 0.57.0
      '@oxfmt/binding-linux-arm64-musl': 0.57.0
      '@oxfmt/binding-linux-ppc64-gnu': 0.57.0
      '@oxfmt/binding-linux-riscv64-gnu': 0.57.0
      '@oxfmt/binding-linux-riscv64-musl': 0.57.0
      '@oxfmt/binding-linux-s390x-gnu': 0.57.0
      '@oxfmt/binding-linux-x64-gnu': 0.57.0
      '@oxfmt/binding-linux-x64-musl': 0.57.0
      '@oxfmt/binding-openharmony-arm64': 0.57.0
      '@oxfmt/binding-win32-arm64-msvc': 0.57.0
      '@oxfmt/binding-win32-ia32-msvc': 0.57.0
      '@oxfmt/binding-win32-x64-msvc': 0.57.0

  oxlint@1.72.0:
    optionalDependencies:
      '@oxlint/binding-android-arm-eabi': 1.72.0
      '@oxlint/binding-android-arm64': 1.72.0
      '@oxlint/binding-darwin-arm64': 1.72.0
      '@oxlint/binding-darwin-x64': 1.72.0
      '@oxlint/binding-freebsd-x64': 1.72.0
      '@oxlint/binding-linux-arm-gnueabihf': 1.72.0
      '@oxlint/binding-linux-arm-musleabihf': 1.72.0
      '@oxlint/binding-linux-arm64-gnu': 1.72.0
      '@oxlint/binding-linux-arm64-musl': 1.72.0
      '@oxlint/binding-linux-ppc64-gnu': 1.72.0
      '@oxlint/binding-linux-riscv64-gnu': 1.72.0
      '@oxlint/binding-linux-riscv64-musl': 1.72.0
      '@oxlint/binding-linux-s390x-gnu': 1.72.0
      '@oxlint/binding-linux-x64-gnu': 1.72.0
      '@oxlint/binding-linux-x64-musl': 1.72.0
      '@oxlint/binding-openharmony-arm64': 1.72.0
      '@oxlint/binding-win32-arm64-msvc': 1.72.0
      '@oxlint/binding-win32-ia32-msvc': 1.72.0
      '@oxlint/binding-win32-x64-msvc': 1.72.0

  p-queue@9.3.1:
    dependencies:
      eventemitter3: 5.0.4
      p-timeout: 7.0.1

  p-timeout@7.0.1: {}

  pretty-bytes@7.1.0: {}

  quick-lru@5.1.1: {}

  resolve-alpn@1.2.1: {}

  responselike@4.0.2:
    dependencies:
      lowercase-keys: 3.0.0

  restore-cursor@5.1.0:
    dependencies:
      onetime: 7.0.0
      signal-exit: 4.1.0

  setimmediate@1.0.5: {}

  signal-exit@4.1.0: {}

  stdin-discarder@0.3.2: {}

  string-width@8.2.1:
    dependencies:
      get-east-asian-width: 1.6.0
      strip-ansi: 7.2.0

  strip-ansi@7.2.0:
    dependencies:
      ansi-regex: 6.2.2

  super-regex@0.2.0:
    dependencies:
      clone-regexp: 3.0.0
      function-timeout: 0.1.1
      time-span: 5.1.0

  tagged-tag@1.0.0: {}

  time-span@5.1.0:
    dependencies:
      convert-hrtime: 5.0.0

  tinypool@2.1.0: {}

  tsx@4.23.0:
    dependencies:
      esbuild: 0.28.1
    optionalDependencies:
      fsevents: 2.3.3

  type-fest@5.7.0:
    dependencies:
      tagged-tag: 1.0.0

  uint8array-extras@1.5.0: {}

  yoctocolors@2.1.2: {}
